
Microsoft Visual Studio Solution File, Format Version 12.00
# Visual Studio 15
VisualStudioVersion = 15.0.27703.2047
MinimumVisualStudioVersion = 10.0.40219.1
Project("{FAE04EC0-301F-11D3-BF4B-00C04F79EFBC}") = "MyProgram", "MyProgram\MyProgram.csproj", "{E0BE8517-02D6-4E55-87C6-0768D09D6013}"
EndProject
Project("{FAE04EC0-301F-11D3-BF4B-00C04F79EFBC}") = "Turtle_Game", "Turtle_Game\Turtle_Game.csproj", "{8813389B-4A84-42D9-A161-4D19894180D9}"
EndProject
Global
	GlobalSection(SolutionConfigurationPlatforms) = preSolution
		Debug|Any CPU = Debug|Any CPU
		Release|Any CPU = Release|Any CPU
	EndGlobalSection
	GlobalSection(ProjectConfigurationPlatforms) = postSolution
		{E0BE8517-02D6-4E55-87C6-0768D09D6013}.Debug|Any CPU.ActiveCfg = Debug|Any CPU
		{E0BE8517-02D6-4E55-87C6-0768D09D6013}.Debug|Any CPU.Build.0 = Debug|Any CPU
		{E0BE8517-02D6-4E55-87C6-0768D09D6013}.Release|Any CPU.ActiveCfg = Release|Any CPU
		{E0BE8517-02D6-4E55-87C6-0768D09D6013}.Release|Any CPU.Build.0 = Release|Any CPU
		{8813389B-4A84-42D9-A161-4D19894180D9}.Debug|Any CPU.ActiveCfg = Debug|Any CPU
		{8813389B-4A84-42D9-A161-4D19894180D9}.Debug|Any CPU.Build.0 = Debug|Any CPU
		{8813389B-4A84-42D9-A161-4D19894180D9}.Release|Any CPU.ActiveCfg = Release|Any CPU
		{8813389B-4A84-42D9-A161-4D19894180D9}.Release|Any CPU.Build.0 = Release|Any CPU
	EndGlobalSection
	GlobalSection(SolutionProperties) = preSolution
		HideSolutionNode = FALSE
	EndGlobalSection
	GlobalSection(ExtensibilityGlobals) = postSolution
		SolutionGuid = {F3A42A84-2B1C-43D7-800C-F5D83365A10B}
	EndGlobalSection
EndGlobal
