
Microsoft Visual Studio Solution File, Format Version 12.00
# Visual Studio 15
VisualStudioVersion = 15.0.27703.2047
MinimumVisualStudioVersion = 10.0.40219.1
Project("{FAE04EC0-301F-11D3-BF4B-00C04F79EFBC}") = "Lesson_1", "Lesson_1\Lesson_1.csproj", "{AE581300-90C4-4221-A795-3CDE84238D7C}"
EndProject
Global
	GlobalSection(SolutionConfigurationPlatforms) = preSolution
		Debug|Any CPU = Debug|Any CPU
		Release|Any CPU = Release|Any CPU
	EndGlobalSection
	GlobalSection(ProjectConfigurationPlatforms) = postSolution
		{AE581300-90C4-4221-A795-3CDE84238D7C}.Debug|Any CPU.ActiveCfg = Debug|Any CPU
		{AE581300-90C4-4221-A795-3CDE84238D7C}.Debug|Any CPU.Build.0 = Debug|Any CPU
		{AE581300-90C4-4221-A795-3CDE84238D7C}.Release|Any CPU.ActiveCfg = Release|Any CPU
		{AE581300-90C4-4221-A795-3CDE84238D7C}.Release|Any CPU.Build.0 = Release|Any CPU
	EndGlobalSection
	GlobalSection(SolutionProperties) = preSolution
		HideSolutionNode = FALSE
	EndGlobalSection
	GlobalSection(ExtensibilityGlobals) = postSolution
		SolutionGuid = {1B2B1603-1499-4D29-965E-48CFCD4E9268}
	EndGlobalSection
EndGlobal
